// !$*UTF8*$!
{
	archiveVersion = 1;
	classes = {
	};
	objectVersion = 55;
	objects = {

/* Begin PBXBuildFile section */
		9D26F245E32F564A9A6B23E5 /* Pods_MyPlaces.framework in Frameworks */ = {isa = PBXBuildFile; fileRef = D9E982C73E565A1DB67B52DA /* Pods_MyPlaces.framework */; };
		DC018C3F29A6916D00D7CFB0 /* MapManager.swift in Sources */ = {isa = PBXBuildFile; fileRef = DC018C3E29A6916D00D7CFB0 /* MapManager.swift */; };
		DC2793EF298304FC00D23E34 /* AppDelegate.swift in Sources */ = {isa = PBXBuildFile; fileRef = DC2793EE298304FC00D23E34 /* AppDelegate.swift */; };
		DC2793F1298304FC00D23E34 /* SceneDelegate.swift in Sources */ = {isa = PBXBuildFile; fileRef = DC2793F0298304FC00D23E34 /* SceneDelegate.swift */; };
		DC2793F6298304FC00D23E34 /* Main.storyboard in Resources */ = {isa = PBXBuildFile; fileRef = DC2793F4298304FC00D23E34 /* Main.storyboard */; };
		DC2793F8298304FD00D23E34 /* Assets.xcassets in Resources */ = {isa = PBXBuildFile; fileRef = DC2793F7298304FD00D23E34 /* Assets.xcassets */; };
		DC2793FB298304FD00D23E34 /* LaunchScreen.storyboard in Resources */ = {isa = PBXBuildFile; fileRef = DC2793F9298304FD00D23E34 /* LaunchScreen.storyboard */; };
		DC279403298305DE00D23E34 /* MainViewController.swift in Sources */ = {isa = PBXBuildFile; fileRef = DC279402298305DE00D23E34 /* MainViewController.swift */; };
		DC557B3E2986FF6700ADECE1 /* PlaceModel.swift in Sources */ = {isa = PBXBuildFile; fileRef = DC557B3D2986FF6700ADECE1 /* PlaceModel.swift */; };
		DC80CBC2298AB6D30087DC91 /* NewPlaceViewController.swift in Sources */ = {isa = PBXBuildFile; fileRef = DC80CBC1298AB6D30087DC91 /* NewPlaceViewController.swift */; };
		DCAF9B7C298D79A90010E137 /* StorageManager.swift in Sources */ = {isa = PBXBuildFile; fileRef = DCAF9B7B298D79A90010E137 /* StorageManager.swift */; };
		DCD39B42299B9206007F3021 /* MapViewController.swift in Sources */ = {isa = PBXBuildFile; fileRef = DCD39B41299B9206007F3021 /* MapViewController.swift */; };
		DCEC695F29846B3C00361308 /* CustomTableViewCell.swift in Sources */ = {isa = PBXBuildFile; fileRef = DCEC695E29846B3C00361308 /* CustomTableViewCell.swift */; };
		DCF98C4D2997E87300E9C08B /* RatingControl.swift in Sources */ = {isa = PBXBuildFile; fileRef = DCF98C4C2997E87300E9C08B /* RatingControl.swift */; };
/* End PBXBuildFile section */

/* Begin PBXFileReference section */
		4132885190916BCA3AD70170 /* Pods-MyPlaces.release.xcconfig */ = {isa = PBXFileReference; includeInIndex = 1; lastKnownFileType = text.xcconfig; name = "Pods-MyPlaces.release.xcconfig"; path = "Target Support Files/Pods-MyPlaces/Pods-MyPlaces.release.xcconfig"; sourceTree = "<group>"; };
		D8A5FC58F219CC297615AD38 /* Pods-MyPlaces.debug.xcconfig */ = {isa = PBXFileReference; includeInIndex = 1; lastKnownFileType = text.xcconfig; name = "Pods-MyPlaces.debug.xcconfig"; path = "Target Support Files/Pods-MyPlaces/Pods-MyPlaces.debug.xcconfig"; sourceTree = "<group>"; };
		D9E982C73E565A1DB67B52DA /* Pods_MyPlaces.framework */ = {isa = PBXFileReference; explicitFileType = wrapper.framework; includeInIndex = 0; path = Pods_MyPlaces.framework; sourceTree = BUILT_PRODUCTS_DIR; };
		DC018C3E29A6916D00D7CFB0 /* MapManager.swift */ = {isa = PBXFileReference; lastKnownFileType = sourcecode.swift; path = MapManager.swift; sourceTree = "<group>"; };
		DC2793EB298304FC00D23E34 /* MyPlaces.app */ = {isa = PBXFileReference; explicitFileType = wrapper.application; includeInIndex = 0; path = MyPlaces.app; sourceTree = BUILT_PRODUCTS_DIR; };
		DC2793EE298304FC00D23E34 /* AppDelegate.swift */ = {isa = PBXFileReference; lastKnownFileType = sourcecode.swift; path = AppDelegate.swift; sourceTree = "<group>"; };
		DC2793F0298304FC00D23E34 /* SceneDelegate.swift */ = {isa = PBXFileReference; lastKnownFileType = sourcecode.swift; path = SceneDelegate.swift; sourceTree = "<group>"; };
		DC2793F5298304FC00D23E34 /* Base */ = {isa = PBXFileReference; lastKnownFileType = file.storyboard; name = Base; path = Base.lproj/Main.storyboard; sourceTree = "<group>"; };
		DC2793F7298304FD00D23E34 /* Assets.xcassets */ = {isa = PBXFileReference; lastKnownFileType = folder.assetcatalog; path = Assets.xcassets; sourceTree = "<group>"; };
		DC2793FA298304FD00D23E34 /* Base */ = {isa = PBXFileReference; lastKnownFileType = file.storyboard; name = Base; path = Base.lproj/LaunchScreen.storyboard; sourceTree = "<group>"; };
		DC2793FC298304FD00D23E34 /* Info.plist */ = {isa = PBXFileReference; lastKnownFileType = text.plist.xml; path = Info.plist; sourceTree = "<group>"; };
		DC279402298305DE00D23E34 /* MainViewController.swift */ = {isa = PBXFileReference; lastKnownFileType = sourcecode.swift; path = MainViewController.swift; sourceTree = "<group>"; };
		DC557B3D2986FF6700ADECE1 /* PlaceModel.swift */ = {isa = PBXFileReference; lastKnownFileType = sourcecode.swift; path = PlaceModel.swift; sourceTree = "<group>"; };
		DC80CBC1298AB6D30087DC91 /* NewPlaceViewController.swift */ = {isa = PBXFileReference; lastKnownFileType = sourcecode.swift; path = NewPlaceViewController.swift; sourceTree = "<group>"; };
		DCAF9B7B298D79A90010E137 /* StorageManager.swift */ = {isa = PBXFileReference; lastKnownFileType = sourcecode.swift; path = StorageManager.swift; sourceTree = "<group>"; };
		DCD39B41299B9206007F3021 /* MapViewController.swift */ = {isa = PBXFileReference; lastKnownFileType = sourcecode.swift; path = MapViewController.swift; sourceTree = "<group>"; };
		DCEC695E29846B3C00361308 /* CustomTableViewCell.swift */ = {isa = PBXFileReference; lastKnownFileType = sourcecode.swift; path = CustomTableViewCell.swift; sourceTree = "<group>"; };
		DCF98C4C2997E87300E9C08B /* RatingControl.swift */ = {isa = PBXFileReference; lastKnownFileType = sourcecode.swift; path = RatingControl.swift; sourceTree = "<group>"; };
/* End PBXFileReference section */

/* Begin PBXFrameworksBuildPhase section */
		DC2793E8298304FC00D23E34 /* Frameworks */ = {
			isa = PBXFrameworksBuildPhase;
			buildActionMask = 2147483647;
			files = (
				9D26F245E32F564A9A6B23E5 /* Pods_MyPlaces.framework in Frameworks */,
			);
			runOnlyForDeploymentPostprocessing = 0;
		};
/* End PBXFrameworksBuildPhase section */

/* Begin PBXGroup section */
		B0D76AC092DF17CF6EDBB8D1 /* Pods */ = {
			isa = PBXGroup;
			children = (
				D8A5FC58F219CC297615AD38 /* Pods-MyPlaces.debug.xcconfig */,
				4132885190916BCA3AD70170 /* Pods-MyPlaces.release.xcconfig */,
			);
			path = Pods;
			sourceTree = "<group>";
		};
		DC018C3629A6404C00D7CFB0 /* Map */ = {
			isa = PBXGroup;
			children = (
				DCD39B41299B9206007F3021 /* MapViewController.swift */,
				DC018C3E29A6916D00D7CFB0 /* MapManager.swift */,
			);
			path = Map;
			sourceTree = "<group>";
		};
		DC018C3729A6407500D7CFB0 /* NewPlace */ = {
			isa = PBXGroup;
			children = (
				DC80CBC1298AB6D30087DC91 /* NewPlaceViewController.swift */,
			);
			path = NewPlace;
			sourceTree = "<group>";
		};
		DC018C3829A6408F00D7CFB0 /* CustomUI */ = {
			isa = PBXGroup;
			children = (
				DCF98C4C2997E87300E9C08B /* RatingControl.swift */,
			);
			path = CustomUI;
			sourceTree = "<group>";
		};
		DC018C3929A640A300D7CFB0 /* Main */ = {
			isa = PBXGroup;
			children = (
				DC018C3A29A640AB00D7CFB0 /* Cells */,
				DC279402298305DE00D23E34 /* MainViewController.swift */,
			);
			path = Main;
			sourceTree = "<group>";
		};
		DC018C3A29A640AB00D7CFB0 /* Cells */ = {
			isa = PBXGroup;
			children = (
				DCEC695E29846B3C00361308 /* CustomTableViewCell.swift */,
			);
			path = Cells;
			sourceTree = "<group>";
		};
		DC018C3B29A640FC00D7CFB0 /* Entity */ = {
			isa = PBXGroup;
			children = (
				DC557B3D2986FF6700ADECE1 /* PlaceModel.swift */,
			);
			path = Entity;
			sourceTree = "<group>";
		};
		DC018C3C29A6413400D7CFB0 /* Utils */ = {
			isa = PBXGroup;
			children = (
				DCAF9B7B298D79A90010E137 /* StorageManager.swift */,
			);
			path = Utils;
			sourceTree = "<group>";
		};
		DC018C3D29A6417C00D7CFB0 /* Modules */ = {
			isa = PBXGroup;
			children = (
				DC018C3629A6404C00D7CFB0 /* Map */,
				DC018C3729A6407500D7CFB0 /* NewPlace */,
				DC018C3929A640A300D7CFB0 /* Main */,
			);
			path = Modules;
			sourceTree = "<group>";
		};
		DC2793E2298304FC00D23E34 = {
			isa = PBXGroup;
			children = (
				DC2793ED298304FC00D23E34 /* MyPlaces */,
				DC2793EC298304FC00D23E34 /* Products */,
				B0D76AC092DF17CF6EDBB8D1 /* Pods */,
				F0D22C987C0CB02981AC06DA /* Frameworks */,
			);
			sourceTree = "<group>";
		};
		DC2793EC298304FC00D23E34 /* Products */ = {
			isa = PBXGroup;
			children = (
				DC2793EB298304FC00D23E34 /* MyPlaces.app */,
			);
			name = Products;
			sourceTree = "<group>";
		};
		DC2793ED298304FC00D23E34 /* MyPlaces */ = {
			isa = PBXGroup;
			children = (
				DC018C3D29A6417C00D7CFB0 /* Modules */,
				DC018C3C29A6413400D7CFB0 /* Utils */,
				DC018C3B29A640FC00D7CFB0 /* Entity */,
				DC018C3829A6408F00D7CFB0 /* CustomUI */,
				DC2793EE298304FC00D23E34 /* AppDelegate.swift */,
				DC2793F0298304FC00D23E34 /* SceneDelegate.swift */,
				DC2793F4298304FC00D23E34 /* Main.storyboard */,
				DC2793F7298304FD00D23E34 /* Assets.xcassets */,
				DC2793F9298304FD00D23E34 /* LaunchScreen.storyboard */,
				DC2793FC298304FD00D23E34 /* Info.plist */,
			);
			path = MyPlaces;
			sourceTree = "<group>";
		};
		F0D22C987C0CB02981AC06DA /* Frameworks */ = {
			isa = PBXGroup;
			children = (
				D9E982C73E565A1DB67B52DA /* Pods_MyPlaces.framework */,
			);
			name = Frameworks;
			sourceTree = "<group>";
		};
/* End PBXGroup section */

/* Begin PBXNativeTarget section */
		DC2793EA298304FC00D23E34 /* MyPlaces */ = {
			isa = PBXNativeTarget;
			buildConfigurationList = DC2793FF298304FD00D23E34 /* Build configuration list for PBXNativeTarget "MyPlaces" */;
			buildPhases = (
				049E327B23F02DA1726C8571 /* [CP] Check Pods Manifest.lock */,
				DC2793E7298304FC00D23E34 /* Sources */,
				DC2793E8298304FC00D23E34 /* Frameworks */,
				DC2793E9298304FC00D23E34 /* Resources */,
				8CEB8DFFC442CC73F835A3DC /* [CP] Embed Pods Frameworks */,
			);
			buildRules = (
			);
			dependencies = (
			);
			name = MyPlaces;
			productName = MyPlaces;
			productReference = DC2793EB298304FC00D23E34 /* MyPlaces.app */;
			productType = "com.apple.product-type.application";
		};
/* End PBXNativeTarget section */

/* Begin PBXProject section */
		DC2793E3298304FC00D23E34 /* Project object */ = {
			isa = PBXProject;
			attributes = {
				BuildIndependentTargetsInParallel = 1;
				LastSwiftUpdateCheck = 1340;
				LastUpgradeCheck = 1340;
				TargetAttributes = {
					DC2793EA298304FC00D23E34 = {
						CreatedOnToolsVersion = 13.4.1;
					};
				};
			};
			buildConfigurationList = DC2793E6298304FC00D23E34 /* Build configuration list for PBXProject "MyPlaces" */;
			compatibilityVersion = "Xcode 13.0";
			developmentRegion = en;
			hasScannedForEncodings = 0;
			knownRegions = (
				en,
				Base,
			);
			mainGroup = DC2793E2298304FC00D23E34;
			productRefGroup = DC2793EC298304FC00D23E34 /* Products */;
			projectDirPath = "";
			projectRoot = "";
			targets = (
				DC2793EA298304FC00D23E34 /* MyPlaces */,
			);
		};
/* End PBXProject section */

/* Begin PBXResourcesBuildPhase section */
		DC2793E9298304FC00D23E34 /* Resources */ = {
			isa = PBXResourcesBuildPhase;
			buildActionMask = 2147483647;
			files = (
				DC2793FB298304FD00D23E34 /* LaunchScreen.storyboard in Resources */,
				DC2793F8298304FD00D23E34 /* Assets.xcassets in Resources */,
				DC2793F6298304FC00D23E34 /* Main.storyboard in Resources */,
			);
			runOnlyForDeploymentPostprocessing = 0;
		};
/* End PBXResourcesBuildPhase section */

/* Begin PBXShellScriptBuildPhase section */
		049E327B23F02DA1726C8571 /* [CP] Check Pods Manifest.lock */ = {
			isa = PBXShellScriptBuildPhase;
			buildActionMask = 2147483647;
			files = (
			);
			inputFileListPaths = (
			);
			inputPaths = (
				"${PODS_PODFILE_DIR_PATH}/Podfile.lock",
				"${PODS_ROOT}/Manifest.lock",
			);
			name = "[CP] Check Pods Manifest.lock";
			outputFileListPaths = (
			);
			outputPaths = (
				"$(DERIVED_FILE_DIR)/Pods-MyPlaces-checkManifestLockResult.txt",
			);
			runOnlyForDeploymentPostprocessing = 0;
			shellPath = /bin/sh;
			shellScript = "diff \"${PODS_PODFILE_DIR_PATH}/Podfile.lock\" \"${PODS_ROOT}/Manifest.lock\" > /dev/null\nif [ $? != 0 ] ; then\n    # print error to STDERR\n    echo \"error: The sandbox is not in sync with the Podfile.lock. Run 'pod install' or update your CocoaPods installation.\" >&2\n    exit 1\nfi\n# This output is used by Xcode 'outputs' to avoid re-running this script phase.\necho \"SUCCESS\" > \"${SCRIPT_OUTPUT_FILE_0}\"\n";
			showEnvVarsInLog = 0;
		};
		8CEB8DFFC442CC73F835A3DC /* [CP] Embed Pods Frameworks */ = {
			isa = PBXShellScriptBuildPhase;
			buildActionMask = 2147483647;
			files = (
			);
			inputFileListPaths = (
				"${PODS_ROOT}/Target Support Files/Pods-MyPlaces/Pods-MyPlaces-frameworks-${CONFIGURATION}-input-files.xcfilelist",
			);
			name = "[CP] Embed Pods Frameworks";
			outputFileListPaths = (
				"${PODS_ROOT}/Target Support Files/Pods-MyPlaces/Pods-MyPlaces-frameworks-${CONFIGURATION}-output-files.xcfilelist",
			);
			runOnlyForDeploymentPostprocessing = 0;
			shellPath = /bin/sh;
			shellScript = "\"${PODS_ROOT}/Target Support Files/Pods-MyPlaces/Pods-MyPlaces-frameworks.sh\"\n";
			showEnvVarsInLog = 0;
		};
/* End PBXShellScriptBuildPhase section */

/* Begin PBXSourcesBuildPhase section */
		DC2793E7298304FC00D23E34 /* Sources */ = {
			isa = PBXSourcesBuildPhase;
			buildActionMask = 2147483647;
			files = (
				DC279403298305DE00D23E34 /* MainViewController.swift in Sources */,
				DC80CBC2298AB6D30087DC91 /* NewPlaceViewController.swift in Sources */,
				DC2793EF298304FC00D23E34 /* AppDelegate.swift in Sources */,
				DCAF9B7C298D79A90010E137 /* StorageManager.swift in Sources */,
				DCD39B42299B9206007F3021 /* MapViewController.swift in Sources */,
				DCF98C4D2997E87300E9C08B /* RatingControl.swift in Sources */,
				DC018C3F29A6916D00D7CFB0 /* MapManager.swift in Sources */,
				DC557B3E2986FF6700ADECE1 /* PlaceModel.swift in Sources */,
				DCEC695F29846B3C00361308 /* CustomTableViewCell.swift in Sources */,
				DC2793F1298304FC00D23E34 /* SceneDelegate.swift in Sources */,
			);
			runOnlyForDeploymentPostprocessing = 0;
		};
/* End PBXSourcesBuildPhase section */

/* Begin PBXVariantGroup section */
		DC2793F4298304FC00D23E34 /* Main.storyboard */ = {
			isa = PBXVariantGroup;
			children = (
				DC2793F5298304FC00D23E34 /* Base */,
			);
			name = Main.storyboard;
			sourceTree = "<group>";
		};
		DC2793F9298304FD00D23E34 /* LaunchScreen.storyboard */ = {
			isa = PBXVariantGroup;
			children = (
				DC2793FA298304FD00D23E34 /* Base */,
			);
			name = LaunchScreen.storyboard;
			sourceTree = "<group>";
		};
/* End PBXVariantGroup section */

/* Begin XCBuildConfiguration section */
		DC2793FD298304FD00D23E34 /* Debug */ = {
			isa = XCBuildConfiguration;
			buildSettings = {
				ALWAYS_SEARCH_USER_PATHS = NO;
				CLANG_ANALYZER_NONNULL = YES;
				CLANG_ANALYZER_NUMBER_OBJECT_CONVERSION = YES_AGGRESSIVE;
				CLANG_CXX_LANGUAGE_STANDARD = "gnu++17";
				CLANG_ENABLE_MODULES = YES;
				CLANG_ENABLE_OBJC_ARC = YES;
				CLANG_ENABLE_OBJC_WEAK = YES;
				CLANG_WARN_BLOCK_CAPTURE_AUTORELEASING = YES;
				CLANG_WARN_BOOL_CONVERSION = YES;
				CLANG_WARN_COMMA = YES;
				CLANG_WARN_CONSTANT_CONVERSION = YES;
				CLANG_WARN_DEPRECATED_OBJC_IMPLEMENTATIONS = YES;
				CLANG_WARN_DIRECT_OBJC_ISA_USAGE = YES_ERROR;
				CLANG_WARN_DOCUMENTATION_COMMENTS = YES;
				CLANG_WARN_EMPTY_BODY = YES;
				CLANG_WARN_ENUM_CONVERSION = YES;
				CLANG_WARN_INFINITE_RECURSION = YES;
				CLANG_WARN_INT_CONVERSION = YES;
				CLANG_WARN_NON_LITERAL_NULL_CONVERSION = YES;
				CLANG_WARN_OBJC_IMPLICIT_RETAIN_SELF = YES;
				CLANG_WARN_OBJC_LITERAL_CONVERSION = YES;
				CLANG_WARN_OBJC_ROOT_CLASS = YES_ERROR;
				CLANG_WARN_QUOTED_INCLUDE_IN_FRAMEWORK_HEADER = YES;
				CLANG_WARN_RANGE_LOOP_ANALYSIS = YES;
				CLANG_WARN_STRICT_PROTOTYPES = YES;
				CLANG_WARN_SUSPICIOUS_MOVE = YES;
				CLANG_WARN_UNGUARDED_AVAILABILITY = YES_AGGRESSIVE;
				CLANG_WARN_UNREACHABLE_CODE = YES;
				CLANG_WARN__DUPLICATE_METHOD_MATCH = YES;
				COPY_PHASE_STRIP = NO;
				DEBUG_INFORMATION_FORMAT = dwarf;
				ENABLE_STRICT_OBJC_MSGSEND = YES;
				ENABLE_TESTABILITY = YES;
				GCC_C_LANGUAGE_STANDARD = gnu11;
				GCC_DYNAMIC_NO_PIC = NO;
				GCC_NO_COMMON_BLOCKS = YES;
				GCC_OPTIMIZATION_LEVEL = 0;
				GCC_PREPROCESSOR_DEFINITIONS = (
					"DEBUG=1",
					"$(inherited)",
				);
				GCC_WARN_64_TO_32_BIT_CONVERSION = YES;
				GCC_WARN_ABOUT_RETURN_TYPE = YES_ERROR;
				GCC_WARN_UNDECLARED_SELECTOR = YES;
				GCC_WARN_UNINITIALIZED_AUTOS = YES_AGGRESSIVE;
				GCC_WARN_UNUSED_FUNCTION = YES;
				GCC_WARN_UNUSED_VARIABLE = YES;
				IPHONEOS_DEPLOYMENT_TARGET = 15.5;
				MTL_ENABLE_DEBUG_INFO = INCLUDE_SOURCE;
				MTL_FAST_MATH = YES;
				ONLY_ACTIVE_ARCH = YES;
				SDKROOT = iphoneos;
				SWIFT_ACTIVE_COMPILATION_CONDITIONS = DEBUG;
				SWIFT_OPTIMIZATION_LEVEL = "-Onone";
			};
			name = Debug;
		};
		DC2793FE298304FD00D23E34 /* Release */ = {
			isa = XCBuildConfiguration;
			buildSettings = {
				ALWAYS_SEARCH_USER_PATHS = NO;
				CLANG_ANALYZER_NONNULL = YES;
				CLANG_ANALYZER_NUMBER_OBJECT_CONVERSION = YES_AGGRESSIVE;
				CLANG_CXX_LANGUAGE_STANDARD = "gnu++17";
				CLANG_ENABLE_MODULES = YES;
				CLANG_ENABLE_OBJC_ARC = YES;
				CLANG_ENABLE_OBJC_WEAK = YES;
				CLANG_WARN_BLOCK_CAPTURE_AUTORELEASING = YES;
				CLANG_WARN_BOOL_CONVERSION = YES;
				CLANG_WARN_COMMA = YES;
				CLANG_WARN_CONSTANT_CONVERSION = YES;
				CLANG_WARN_DEPRECATED_OBJC_IMPLEMENTATIONS = YES;
				CLANG_WARN_DIRECT_OBJC_ISA_USAGE = YES_ERROR;
				CLANG_WARN_DOCUMENTATION_COMMENTS = YES;
				CLANG_WARN_EMPTY_BODY = YES;
				CLANG_WARN_ENUM_CONVERSION = YES;
				CLANG_WARN_INFINITE_RECURSION = YES;
				CLANG_WARN_INT_CONVERSION = YES;
				CLANG_WARN_NON_LITERAL_NULL_CONVERSION = YES;
				CLANG_WARN_OBJC_IMPLICIT_RETAIN_SELF = YES;
				CLANG_WARN_OBJC_LITERAL_CONVERSION = YES;
				CLANG_WARN_OBJC_ROOT_CLASS = YES_ERROR;
				CLANG_WARN_QUOTED_INCLUDE_IN_FRAMEWORK_HEADER = YES;
				CLANG_WARN_RANGE_LOOP_ANALYSIS = YES;
				CLANG_WARN_STRICT_PROTOTYPES = YES;
				CLANG_WARN_SUSPICIOUS_MOVE = YES;
				CLANG_WARN_UNGUARDED_AVAILABILITY = YES_AGGRESSIVE;
				CLANG_WARN_UNREACHABLE_CODE = YES;
				CLANG_WARN__DUPLICATE_METHOD_MATCH = YES;
				COPY_PHASE_STRIP = NO;
				DEBUG_INFORMATION_FORMAT = "dwarf-with-dsym";
				ENABLE_NS_ASSERTIONS = NO;
				ENABLE_STRICT_OBJC_MSGSEND = YES;
				GCC_C_LANGUAGE_STANDARD = gnu11;
				GCC_NO_COMMON_BLOCKS = YES;
				GCC_WARN_64_TO_32_BIT_CONVERSION = YES;
				GCC_WARN_ABOUT_RETURN_TYPE = YES_ERROR;
				GCC_WARN_UNDECLARED_SELECTOR = YES;
				GCC_WARN_UNINITIALIZED_AUTOS = YES_AGGRESSIVE;
				GCC_WARN_UNUSED_FUNCTION = YES;
				GCC_WARN_UNUSED_VARIABLE = YES;
				IPHONEOS_DEPLOYMENT_TARGET = 15.5;
				MTL_ENABLE_DEBUG_INFO = NO;
				MTL_FAST_MATH = YES;
				SDKROOT = iphoneos;
				SWIFT_COMPILATION_MODE = wholemodule;
				SWIFT_OPTIMIZATION_LEVEL = "-O";
				VALIDATE_PRODUCT = YES;
			};
			name = Release;
		};
		DC279400298304FD00D23E34 /* Debug */ = {
			isa = XCBuildConfiguration;
			baseConfigurationReference = D8A5FC58F219CC297615AD38 /* Pods-MyPlaces.debug.xcconfig */;
			buildSettings = {
				ASSETCATALOG_COMPILER_APPICON_NAME = AppIcon;
				ASSETCATALOG_COMPILER_GLOBAL_ACCENT_COLOR_NAME = AccentColor;
				CODE_SIGN_STYLE = Automatic;
				CURRENT_PROJECT_VERSION = 1;
				DEVELOPMENT_TEAM = Y36X754HU4;
				GENERATE_INFOPLIST_FILE = YES;
				INFOPLIST_FILE = MyPlaces/Info.plist;
				INFOPLIST_KEY_UIApplicationSupportsIndirectInputEvents = YES;
				INFOPLIST_KEY_UILaunchStoryboardName = LaunchScreen;
				INFOPLIST_KEY_UIMainStoryboardFile = Main;
				INFOPLIST_KEY_UISupportedInterfaceOrientations_iPad = "UIInterfaceOrientationPortrait UIInterfaceOrientationPortraitUpsideDown UIInterfaceOrientationLandscapeLeft UIInterfaceOrientationLandscapeRight";
				INFOPLIST_KEY_UISupportedInterfaceOrientations_iPhone = "UIInterfaceOrientationPortrait UIInterfaceOrientationLandscapeLeft UIInterfaceOrientationLandscapeRight";
				LD_RUNPATH_SEARCH_PATHS = (
					"$(inherited)",
					"@executable_path/Frameworks",
				);
				MARKETING_VERSION = 1.0;
				PRODUCT_BUNDLE_IDENTIFIER = "Nastya-Romanova.MyPlaces";
				PRODUCT_NAME = "$(TARGET_NAME)";
				SWIFT_EMIT_LOC_STRINGS = YES;
				SWIFT_VERSION = 5.0;
				TARGETED_DEVICE_FAMILY = "1,2";
			};
			name = Debug;
		};
		DC279401298304FD00D23E34 /* Release */ = {
			isa = XCBuildConfiguration;
			baseConfigurationReference = 4132885190916BCA3AD70170 /* Pods-MyPlaces.release.xcconfig */;
			buildSettings = {
				ASSETCATALOG_COMPILER_APPICON_NAME = AppIcon;
				ASSETCATALOG_COMPILER_GLOBAL_ACCENT_COLOR_NAME = AccentColor;
				CODE_SIGN_STYLE = Automatic;
				CURRENT_PROJECT_VERSION = 1;
				DEVELOPMENT_TEAM = Y36X754HU4;
				GENERATE_INFOPLIST_FILE = YES;
				INFOPLIST_FILE = MyPlaces/Info.plist;
				INFOPLIST_KEY_UIApplicationSupportsIndirectInputEvents = YES;
				INFOPLIST_KEY_UILaunchStoryboardName = LaunchScreen;
				INFOPLIST_KEY_UIMainStoryboardFile = Main;
				INFOPLIST_KEY_UISupportedInterfaceOrientations_iPad = "UIInterfaceOrientationPortrait UIInterfaceOrientationPortraitUpsideDown UIInterfaceOrientationLandscapeLeft UIInterfaceOrientationLandscapeRight";
				INFOPLIST_KEY_UISupportedInterfaceOrientations_iPhone = "UIInterfaceOrientationPortrait UIInterfaceOrientationLandscapeLeft UIInterfaceOrientationLandscapeRight";
				LD_RUNPATH_SEARCH_PATHS = (
					"$(inherited)",
					"@executable_path/Frameworks",
				);
				MARKETING_VERSION = 1.0;
				PRODUCT_BUNDLE_IDENTIFIER = "Nastya-Romanova.MyPlaces";
				PRODUCT_NAME = "$(TARGET_NAME)";
				SWIFT_EMIT_LOC_STRINGS = YES;
				SWIFT_VERSION = 5.0;
				TARGETED_DEVICE_FAMILY = "1,2";
			};
			name = Release;
		};
/* End XCBuildConfiguration section */

/* Begin XCConfigurationList section */
		DC2793E6298304FC00D23E34 /* Build configuration list for PBXProject "MyPlaces" */ = {
			isa = XCConfigurationList;
			buildConfigurations = (
				DC2793FD298304FD00D23E34 /* Debug */,
				DC2793FE298304FD00D23E34 /* Release */,
			);
			defaultConfigurationIsVisible = 0;
			defaultConfigurationName = Release;
		};
		DC2793FF298304FD00D23E34 /* Build configuration list for PBXNativeTarget "MyPlaces" */ = {
			isa = XCConfigurationList;
			buildConfigurations = (
				DC279400298304FD00D23E34 /* Debug */,
				DC279401298304FD00D23E34 /* Release */,
			);
			defaultConfigurationIsVisible = 0;
			defaultConfigurationName = Release;
		};
/* End XCConfigurationList section */
	};
	rootObject = DC2793E3298304FC00D23E34 /* Project object */;
}
